
Microsoft Visual Studio Solution File, Format Version 12.00
# Visual Studio 2012
Project("{2150E333-8FDC-42A3-9474-1A3956D46DE8}") = "01 Presentation", "01 Presentation", "{E68F7F7A-2A8B-425B-8A80-10E67880EAC0}"
EndProject
Project("{2150E333-8FDC-42A3-9474-1A3956D46DE8}") = "02 Business", "02 Business", "{9385A6F8-A3CD-4CDB-92B0-3B789363D1AD}"
EndProject
Project("{2150E333-8FDC-42A3-9474-1A3956D46DE8}") = "03 Data", "03 Data", "{AB5010C7-9DA8-4547-86F0-F05944F06D37}"
EndProject
Project("{FAE04EC0-301F-11D3-BF4B-00C04F79EFBC}") = "Ghost.Business.Demo01", "Ghost.Business.Demo01\Ghost.Business.Demo01.csproj", "{4EF6A560-62DC-454E-A255-045D0A991480}"
EndProject
Global
	GlobalSection(SolutionConfigurationPlatforms) = preSolution
		Debug|Any CPU = Debug|Any CPU
		Release|Any CPU = Release|Any CPU
	EndGlobalSection
	GlobalSection(ProjectConfigurationPlatforms) = postSolution
		{4EF6A560-62DC-454E-A255-045D0A991480}.Debug|Any CPU.ActiveCfg = Debug|Any CPU
		{4EF6A560-62DC-454E-A255-045D0A991480}.Debug|Any CPU.Build.0 = Debug|Any CPU
		{4EF6A560-62DC-454E-A255-045D0A991480}.Release|Any CPU.ActiveCfg = Release|Any CPU
		{4EF6A560-62DC-454E-A255-045D0A991480}.Release|Any CPU.Build.0 = Release|Any CPU
	EndGlobalSection
	GlobalSection(SolutionProperties) = preSolution
		HideSolutionNode = FALSE
	EndGlobalSection
	GlobalSection(NestedProjects) = preSolution
		{4EF6A560-62DC-454E-A255-045D0A991480} = {9385A6F8-A3CD-4CDB-92B0-3B789363D1AD}
	EndGlobalSection
EndGlobal
